
Microsoft Visual Studio Solution File, Format Version 12.00
# Visual Studio Version 17
VisualStudioVersion = 17.14.36203.30 d17.14
MinimumVisualStudioVersion = 10.0.40219.1
Project("{FAE04EC0-301F-11D3-BF4B-00C04F79EFBC}") = "FlaskAdminPortal", "FlaskAdminPortal\FlaskAdminPortal.csproj", "{DD04DC0D-752D-4C79-B7D6-5B2ED7349382}"
EndProject
Global
	GlobalSection(SolutionConfigurationPlatforms) = preSolution
		Debug|Any CPU = Debug|Any CPU
		Release|Any CPU = Release|Any CPU
	EndGlobalSection
	GlobalSection(ProjectConfigurationPlatforms) = postSolution
		{DD04DC0D-752D-4C79-B7D6-5B2ED7349382}.Debug|Any CPU.ActiveCfg = Debug|Any CPU
		{DD04DC0D-752D-4C79-B7D6-5B2ED7349382}.Debug|Any CPU.Build.0 = Debug|Any CPU
		{DD04DC0D-752D-4C79-B7D6-5B2ED7349382}.Release|Any CPU.ActiveCfg = Release|Any CPU
		{DD04DC0D-752D-4C79-B7D6-5B2ED7349382}.Release|Any CPU.Build.0 = Release|Any CPU
	EndGlobalSection
	GlobalSection(SolutionProperties) = preSolution
		HideSolutionNode = FALSE
	EndGlobalSection
	GlobalSection(ExtensibilityGlobals) = postSolution
		SolutionGuid = {10B600A4-BBA8-4C46-ADD2-7F5C47FA0CEB}
	EndGlobalSection
EndGlobal
